
Microsoft Visual Studio Solution File, Format Version 12.00
# Visual Studio 15
VisualStudioVersion = 15.0.27428.2043
MinimumVisualStudioVersion = 10.0.40219.1
Project("{FAE04EC0-301F-11D3-BF4B-00C04F79EFBC}") = "KEDI_v-0.5.0.0", "KEDI\KEDI_v-0.5.0.0.csproj", "{569E5FE1-56B1-4F09-B782-F690B4A8E22C}"
EndProject
Project("{FAE04EC0-301F-11D3-BF4B-00C04F79EFBC}") = "KEDI_v-0.5.0.1", "KEDI_v-0.5.0.1\KEDI_v-0.5.0.1.csproj", "{8E0DB08C-DA6F-404A-9200-B6449FA7EA9C}"
EndProject
Global
	GlobalSection(SolutionConfigurationPlatforms) = preSolution
		Debug|Any CPU = Debug|Any CPU
		Release|Any CPU = Release|Any CPU
	EndGlobalSection
	GlobalSection(ProjectConfigurationPlatforms) = postSolution
		{569E5FE1-56B1-4F09-B782-F690B4A8E22C}.Debug|Any CPU.ActiveCfg = Debug|Any CPU
		{569E5FE1-56B1-4F09-B782-F690B4A8E22C}.Debug|Any CPU.Build.0 = Debug|Any CPU
		{569E5FE1-56B1-4F09-B782-F690B4A8E22C}.Release|Any CPU.ActiveCfg = Release|Any CPU
		{569E5FE1-56B1-4F09-B782-F690B4A8E22C}.Release|Any CPU.Build.0 = Release|Any CPU
		{8E0DB08C-DA6F-404A-9200-B6449FA7EA9C}.Debug|Any CPU.ActiveCfg = Debug|Any CPU
		{8E0DB08C-DA6F-404A-9200-B6449FA7EA9C}.Debug|Any CPU.Build.0 = Debug|Any CPU
		{8E0DB08C-DA6F-404A-9200-B6449FA7EA9C}.Release|Any CPU.ActiveCfg = Release|Any CPU
		{8E0DB08C-DA6F-404A-9200-B6449FA7EA9C}.Release|Any CPU.Build.0 = Release|Any CPU
	EndGlobalSection
	GlobalSection(SolutionProperties) = preSolution
		HideSolutionNode = FALSE
	EndGlobalSection
	GlobalSection(ExtensibilityGlobals) = postSolution
		SolutionGuid = {38C40F74-00C3-4B95-9CD2-0B5083C04AFF}
	EndGlobalSection
EndGlobal
